{
  "name": "one-tv-hu-guide-fetcher",
  "lockfileVersion": 3,
  "requires": true,
  "packages": {
    "": {
      "dependencies": {
        "dotenv": "^17.2.3",
        "jsencrypt": "^3.5.4",
        "moment": "^2.30.1",
        "moment-timezone": "^0.6.0",
        "xmlbuilder": "^15.1.1"
      }
    },
    "node_modules/dotenv": {
      "version": "17.2.3",
      "resolved": "https://registry.npmjs.org/dotenv/-/dotenv-17.2.3.tgz",
      "integrity": "sha512-JVUnt+DUIzu87TABbhPmNfVdBDt18BLOWjMUFJMSi/Qqg7NTYtabbvSNJGOJ7afbRuv9D/lngizHtP7QyLQ+9w==",
      "license": "BSD-2-Clause",
      "engines": {
        "node": ">=12"
      },
      "funding": {
        "url": "https://dotenvx.com"
      }
    },
    "node_modules/jsencrypt": {
      "version": "3.5.4",
      "resolved": "https://registry.npmjs.org/jsencrypt/-/jsencrypt-3.5.4.tgz",
      "integrity": "sha512-kNjfYEMNASxrDGsmcSQh/rUTmcoRfSUkxnAz+MMywM8jtGu+fFEZ3nJjHM58zscVnwR0fYmG9sGkTDjqUdpiwA=="
    },
    "node_modules/moment": {
      "version": "2.30.1",
      "resolved": "https://registry.npmjs.org/moment/-/moment-2.30.1.tgz",
      "integrity": "sha512-uEmtNhbDOrWPFS+hdjFCBfy9f2YoyzRpwcl+DqpC6taX21FzsTLQVbMV/W7PzNSX6x/bhC1zA3c2UQ5NzH6how==",
      "engines": {
        "node": "*"
      }
    },
    "node_modules/moment-timezone": {
      "version": "0.6.0",
      "resolved": "https://registry.npmjs.org/moment-timezone/-/moment-timezone-0.6.0.tgz",
      "integrity": "sha512-ldA5lRNm3iJCWZcBCab4pnNL3HSZYXVb/3TYr75/1WCTWYuTqYUb5f/S384pncYjJ88lbO8Z4uPDvmoluHJc8Q==",
      "dependencies": {
        "moment": "^2.29.4"
      },
      "engines": {
        "node": "*"
      }
    },
    "node_modules/xmlbuilder": {
      "version": "15.1.1",
      "resolved": "https://registry.npmjs.org/xmlbuilder/-/xmlbuilder-15.1.1.tgz",
      "integrity": "sha512-yMqGBqtXyeN1e3TGYvgNgDVZ3j84W4cwkOXQswghol6APgZWaff9lnbvN7MHYJOiXsvGPXtjTYJEiC9J2wv9Eg==",
      "engines": {
        "node": ">=8.0"
      }
    }
  }
}
